
Microsoft Visual Studio Solution File, Format Version 12.00
Project("{FAE04EC0-301F-11D3-BF4B-00C04F79EFBC}") = "ddns-dotnet", "ddns-dotnet\ddns-dotnet.csproj", "{90F218EA-3AFA-4844-950E-47AFBBACC8AE}"
EndProject
Project("{2150E333-8FDC-42A3-9474-1A3956D46DE8}") = "Solution Items", "Solution Items", "{368CAC54-E305-4551-84D7-7C4E6F4AD7D3}"
	ProjectSection(SolutionItems) = preProject
		docker-compose.yml = docker-compose.yml
		Dockerfile = Dockerfile
		README.md = README.md
	EndProjectSection
EndProject
Project("{FAE04EC0-301F-11D3-BF4B-00C04F79EFBC}") = "ddns-dotnet.Tests", "ddns-dotnet.Tests\ddns-dotnet.Tests.csproj", "{829E0059-91BA-4F9A-96E9-872EF14344CC}"
EndProject
Global
	GlobalSection(SolutionConfigurationPlatforms) = preSolution
		Debug|Any CPU = Debug|Any CPU
		Release|Any CPU = Release|Any CPU
	EndGlobalSection
	GlobalSection(ProjectConfigurationPlatforms) = postSolution
		{90F218EA-3AFA-4844-950E-47AFBBACC8AE}.Debug|Any CPU.ActiveCfg = Debug|Any CPU
		{90F218EA-3AFA-4844-950E-47AFBBACC8AE}.Debug|Any CPU.Build.0 = Debug|Any CPU
		{90F218EA-3AFA-4844-950E-47AFBBACC8AE}.Release|Any CPU.ActiveCfg = Release|Any CPU
		{90F218EA-3AFA-4844-950E-47AFBBACC8AE}.Release|Any CPU.Build.0 = Release|Any CPU
		{829E0059-91BA-4F9A-96E9-872EF14344CC}.Debug|Any CPU.ActiveCfg = Debug|Any CPU
		{829E0059-91BA-4F9A-96E9-872EF14344CC}.Debug|Any CPU.Build.0 = Debug|Any CPU
		{829E0059-91BA-4F9A-96E9-872EF14344CC}.Release|Any CPU.ActiveCfg = Release|Any CPU
	EndGlobalSection
EndGlobal
